
Microsoft Visual Studio Solution File, Format Version 12.00
# Visual Studio Version 17
VisualStudioVersion = 17.6.33829.357
MinimumVisualStudioVersion = 10.0.40219.1
Project("{FAE04EC0-301F-11D3-BF4B-00C04F79EFBC}") = "eShopSolution", "eShopSolution\eShopSolution.csproj", "{2304EA41-8629-4E30-B4FF-EF465DF8DB0F}"
EndProject
Global
	GlobalSection(SolutionConfigurationPlatforms) = preSolution
		Debug|Any CPU = Debug|Any CPU
		Release|Any CPU = Release|Any CPU
	EndGlobalSection
	GlobalSection(ProjectConfigurationPlatforms) = postSolution
		{2304EA41-8629-4E30-B4FF-EF465DF8DB0F}.Debug|Any CPU.ActiveCfg = Debug|Any CPU
		{2304EA41-8629-4E30-B4FF-EF465DF8DB0F}.Debug|Any CPU.Build.0 = Debug|Any CPU
		{2304EA41-8629-4E30-B4FF-EF465DF8DB0F}.Release|Any CPU.ActiveCfg = Release|Any CPU
		{2304EA41-8629-4E30-B4FF-EF465DF8DB0F}.Release|Any CPU.Build.0 = Release|Any CPU
	EndGlobalSection
	GlobalSection(SolutionProperties) = preSolution
		HideSolutionNode = FALSE
	EndGlobalSection
	GlobalSection(ExtensibilityGlobals) = postSolution
		SolutionGuid = {3B3A2FC9-5E9C-40FE-8D36-7BE74AB92675}
	EndGlobalSection
EndGlobal
